# THIS IS AN AUTOGENERATED FILE. DO NOT EDIT THIS FILE DIRECTLY.
# yarn lockfile v1


dotenv-flow@^3.1.0:
  version "3.1.0"
  resolved "https://registry.yarnpkg.com/dotenv-flow/-/dotenv-flow-3.1.0.tgz#2abcb4661cf2d0ca5b46d8ff5e95c1045ade9938"
  integrity sha512-BMA8vfu2DbAx5x5G3C+tgb1hCbONggZTSpBE7B4yCPG5vziKX/lA3CzsjdGKlPvLxZgTbP1qb+KlWux8pYqsmA==
  dependencies:
    dotenv "^8.0.0"

dotenv@^8.0.0:
  version "8.2.0"
  resolved "https://registry.yarnpkg.com/dotenv/-/dotenv-8.2.0.tgz#97e619259ada750eea3e4ea3e26bceea5424b16a"
  integrity sha512-8sJ78ElpbDJBHNeBzUbUVLsqKdccaa/BXF1uPTw3GrvQTBgrQrtObr2mUrE38vzYd8cEv+m/JBfDLioYcfXoaw==

randomcolor@^0.5.4:
  version "0.5.4"
  resolved "https://registry.yarnpkg.com/randomcolor/-/randomcolor-0.5.4.tgz#df615b13f25b89ea58c5f8f72647f0a6f07adcc3"
  integrity sha512-nYd4nmTuuwMFzHL6W+UWR5fNERGZeVauho8mrJDUSXdNDbao4rbrUwhuLgKC/j8VCS5+34Ria8CsTDuBjrIrQA==

uuid@^3.3.3:
  version "3.3.3"
  resolved "https://registry.yarnpkg.com/uuid/-/uuid-3.3.3.tgz#4568f0216e78760ee1dbf3a4d2cf53e224112866"
  integrity sha512-pW0No1RGHgzlpHJO1nsVrHKpOEIxkGg1xB+v0ZmdNH5OAeAwzAVrCnI2/6Mtx+Uys6iaylxa+D3g4j63IKKjSQ==

ws@^7.2.1:
  version "7.2.1"
  resolved "https://registry.yarnpkg.com/ws/-/ws-7.2.1.tgz#03ed52423cd744084b2cf42ed197c8b65a936b8e"
  integrity sha512-sucePNSafamSKoOqoNfBd8V0StlkzJKL2ZAhGQinCfNQ+oacw+Pk7lcdAElecBF2VkLNZRiIb5Oi1Q5lVUVt2A==
